
Microsoft Visual Studio Solution File, Format Version 12.00
# Visual Studio Version 17
VisualStudioVersion = 17.7.34031.279
MinimumVisualStudioVersion = 10.0.40219.1
Project("{FAE04EC0-301F-11D3-BF4B-00C04F79EFBC}") = "Avidence14", "Avidence14\Avidence14.csproj", "{0AB8C32E-BA44-4757-9B4F-14CAB33062E4}"
EndProject
Global
	GlobalSection(SolutionConfigurationPlatforms) = preSolution
		Debug|Any CPU = Debug|Any CPU
		Release|Any CPU = Release|Any CPU
	EndGlobalSection
	GlobalSection(ProjectConfigurationPlatforms) = postSolution
		{0AB8C32E-BA44-4757-9B4F-14CAB33062E4}.Debug|Any CPU.ActiveCfg = Debug|Any CPU
		{0AB8C32E-BA44-4757-9B4F-14CAB33062E4}.Debug|Any CPU.Build.0 = Debug|Any CPU
		{0AB8C32E-BA44-4757-9B4F-14CAB33062E4}.Release|Any CPU.ActiveCfg = Release|Any CPU
		{0AB8C32E-BA44-4757-9B4F-14CAB33062E4}.Release|Any CPU.Build.0 = Release|Any CPU
	EndGlobalSection
	GlobalSection(SolutionProperties) = preSolution
		HideSolutionNode = FALSE
	EndGlobalSection
	GlobalSection(ExtensibilityGlobals) = postSolution
		SolutionGuid = {92345455-E2C1-4FA7-B68B-C3BF59C0CC7D}
	EndGlobalSection
EndGlobal
